// !$*UTF8*$!
{
	archiveVersion = 1;
	classes = {
	};
	objectVersion = 50;
	objects = {

/* Begin PBXBuildFile section */
		FA123C0824435B5E009B1C1E /* AppDelegate.swift in Sources */ = {isa = PBXBuildFile; fileRef = FA123C0724435B5E009B1C1E /* AppDelegate.swift */; };
		FA123C0A24435B5E009B1C1E /* SceneDelegate.swift in Sources */ = {isa = PBXBuildFile; fileRef = FA123C0924435B5E009B1C1E /* SceneDelegate.swift */; };
		FA123C0C24435B5E009B1C1E /* ViewController.swift in Sources */ = {isa = PBXBuildFile; fileRef = FA123C0B24435B5E009B1C1E /* ViewController.swift */; };
		FA123C0F24435B5E009B1C1E /* Main.storyboard in Resources */ = {isa = PBXBuildFile; fileRef = FA123C0D24435B5E009B1C1E /* Main.storyboard */; };
		FA123C1124435B61009B1C1E /* Assets.xcassets in Resources */ = {isa = PBXBuildFile; fileRef = FA123C1024435B61009B1C1E /* Assets.xcassets */; };
		FA123C1424435B61009B1C1E /* LaunchScreen.storyboard in Resources */ = {isa = PBXBuildFile; fileRef = FA123C1224435B61009B1C1E /* LaunchScreen.storyboard */; };
		FA123C1F24435B61009B1C1E /* MapMyTripTests.swift in Sources */ = {isa = PBXBuildFile; fileRef = FA123C1E24435B61009B1C1E /* MapMyTripTests.swift */; };
		FA7A1D64244622B200D23D92 /* MapMyTrip.xcdatamodeld in Sources */ = {isa = PBXBuildFile; fileRef = FA7A1D62244622B200D23D92 /* MapMyTrip.xcdatamodeld */; };
		FAB4B03924449BD900E34F52 /* Track.swift in Sources */ = {isa = PBXBuildFile; fileRef = FAB4B03824449BD900E34F52 /* Track.swift */; };
		FAB4B03B2444B14200E34F52 /* SettingsViewController.swift in Sources */ = {isa = PBXBuildFile; fileRef = FAB4B03A2444B14200E34F52 /* SettingsViewController.swift */; };
		FAB4B03D2444B1C300E34F52 /* TracksTableViewController.swift in Sources */ = {isa = PBXBuildFile; fileRef = FAB4B03C2444B1C300E34F52 /* TracksTableViewController.swift */; };
		FAB4B03F2444C33600E34F52 /* TracksTableViewCell.swift in Sources */ = {isa = PBXBuildFile; fileRef = FAB4B03E2444C33600E34F52 /* TracksTableViewCell.swift */; };
		FAFD9BDA2448AB7F004FE81A /* TrackDetailViewController.swift in Sources */ = {isa = PBXBuildFile; fileRef = FAFD9BD92448AB7F004FE81A /* TrackDetailViewController.swift */; };
/* End PBXBuildFile section */

/* Begin PBXContainerItemProxy section */
		FA123C1B24435B61009B1C1E /* PBXContainerItemProxy */ = {
			isa = PBXContainerItemProxy;
			containerPortal = FA123BFC24435B5E009B1C1E /* Project object */;
			proxyType = 1;
			remoteGlobalIDString = FA123C0324435B5E009B1C1E;
			remoteInfo = MapMyTrip;
		};
/* End PBXContainerItemProxy section */

/* Begin PBXFileReference section */
		FA123C0424435B5E009B1C1E /* MapMyTrip.app */ = {isa = PBXFileReference; explicitFileType = wrapper.application; includeInIndex = 0; path = MapMyTrip.app; sourceTree = BUILT_PRODUCTS_DIR; };
		FA123C0724435B5E009B1C1E /* AppDelegate.swift */ = {isa = PBXFileReference; lastKnownFileType = sourcecode.swift; path = AppDelegate.swift; sourceTree = "<group>"; };
		FA123C0924435B5E009B1C1E /* SceneDelegate.swift */ = {isa = PBXFileReference; lastKnownFileType = sourcecode.swift; path = SceneDelegate.swift; sourceTree = "<group>"; };
		FA123C0B24435B5E009B1C1E /* ViewController.swift */ = {isa = PBXFileReference; lastKnownFileType = sourcecode.swift; path = ViewController.swift; sourceTree = "<group>"; };
		FA123C0E24435B5E009B1C1E /* Base */ = {isa = PBXFileReference; lastKnownFileType = file.storyboard; name = Base; path = Base.lproj/Main.storyboard; sourceTree = "<group>"; };
		FA123C1024435B61009B1C1E /* Assets.xcassets */ = {isa = PBXFileReference; lastKnownFileType = folder.assetcatalog; path = Assets.xcassets; sourceTree = "<group>"; };
		FA123C1324435B61009B1C1E /* Base */ = {isa = PBXFileReference; lastKnownFileType = file.storyboard; name = Base; path = Base.lproj/LaunchScreen.storyboard; sourceTree = "<group>"; };
		FA123C1524435B61009B1C1E /* Info.plist */ = {isa = PBXFileReference; lastKnownFileType = text.plist.xml; path = Info.plist; sourceTree = "<group>"; };
		FA123C1A24435B61009B1C1E /* MapMyTripTests.xctest */ = {isa = PBXFileReference; explicitFileType = wrapper.cfbundle; includeInIndex = 0; path = MapMyTripTests.xctest; sourceTree = BUILT_PRODUCTS_DIR; };
		FA123C1E24435B61009B1C1E /* MapMyTripTests.swift */ = {isa = PBXFileReference; lastKnownFileType = sourcecode.swift; path = MapMyTripTests.swift; sourceTree = "<group>"; };
		FA123C2024435B61009B1C1E /* Info.plist */ = {isa = PBXFileReference; lastKnownFileType = text.plist.xml; path = Info.plist; sourceTree = "<group>"; };
		FA7A1D63244622B200D23D92 /* MapMyTrip.xcdatamodel */ = {isa = PBXFileReference; lastKnownFileType = wrapper.xcdatamodel; path = MapMyTrip.xcdatamodel; sourceTree = "<group>"; };
		FAB4B03824449BD900E34F52 /* Track.swift */ = {isa = PBXFileReference; lastKnownFileType = sourcecode.swift; name = Track.swift; path = Classes/Track.swift; sourceTree = "<group>"; };
		FAB4B03A2444B14200E34F52 /* SettingsViewController.swift */ = {isa = PBXFileReference; lastKnownFileType = sourcecode.swift; path = SettingsViewController.swift; sourceTree = "<group>"; };
		FAB4B03C2444B1C300E34F52 /* TracksTableViewController.swift */ = {isa = PBXFileReference; lastKnownFileType = sourcecode.swift; path = TracksTableViewController.swift; sourceTree = "<group>"; };
		FAB4B03E2444C33600E34F52 /* TracksTableViewCell.swift */ = {isa = PBXFileReference; lastKnownFileType = sourcecode.swift; path = TracksTableViewCell.swift; sourceTree = "<group>"; };
		FAFD9BD92448AB7F004FE81A /* TrackDetailViewController.swift */ = {isa = PBXFileReference; lastKnownFileType = sourcecode.swift; path = TrackDetailViewController.swift; sourceTree = "<group>"; };
/* End PBXFileReference section */

/* Begin PBXFrameworksBuildPhase section */
		FA123C0124435B5E009B1C1E /* Frameworks */ = {
			isa = PBXFrameworksBuildPhase;
			buildActionMask = 2147483647;
			files = (
			);
			runOnlyForDeploymentPostprocessing = 0;
		};
		FA123C1724435B61009B1C1E /* Frameworks */ = {
			isa = PBXFrameworksBuildPhase;
			buildActionMask = 2147483647;
			files = (
			);
			runOnlyForDeploymentPostprocessing = 0;
		};
/* End PBXFrameworksBuildPhase section */

/* Begin PBXGroup section */
		FA123BFB24435B5E009B1C1E = {
			isa = PBXGroup;
			children = (
				FA123C0624435B5E009B1C1E /* MapMyTrip */,
				FA123C1D24435B61009B1C1E /* MapMyTripTests */,
				FA123C0524435B5E009B1C1E /* Products */,
			);
			sourceTree = "<group>";
		};
		FA123C0524435B5E009B1C1E /* Products */ = {
			isa = PBXGroup;
			children = (
				FA123C0424435B5E009B1C1E /* MapMyTrip.app */,
				FA123C1A24435B61009B1C1E /* MapMyTripTests.xctest */,
			);
			name = Products;
			sourceTree = "<group>";
		};
		FA123C0624435B5E009B1C1E /* MapMyTrip */ = {
			isa = PBXGroup;
			children = (
				FA123C0724435B5E009B1C1E /* AppDelegate.swift */,
				FA7A1D62244622B200D23D92 /* MapMyTrip.xcdatamodeld */,
				FA123C0924435B5E009B1C1E /* SceneDelegate.swift */,
				FA123C0B24435B5E009B1C1E /* ViewController.swift */,
				FA123C0D24435B5E009B1C1E /* Main.storyboard */,
				FAFD9BD92448AB7F004FE81A /* TrackDetailViewController.swift */,
				FAB4B03C2444B1C300E34F52 /* TracksTableViewController.swift */,
				FAB4B03E2444C33600E34F52 /* TracksTableViewCell.swift */,
				FAB4B03A2444B14200E34F52 /* SettingsViewController.swift */,
				FA123C1024435B61009B1C1E /* Assets.xcassets */,
				FA123C1224435B61009B1C1E /* LaunchScreen.storyboard */,
				FA123C1524435B61009B1C1E /* Info.plist */,
				FAB4B03824449BD900E34F52 /* Track.swift */,
			);
			path = MapMyTrip;
			sourceTree = "<group>";
		};
		FA123C1D24435B61009B1C1E /* MapMyTripTests */ = {
			isa = PBXGroup;
			children = (
				FA123C1E24435B61009B1C1E /* MapMyTripTests.swift */,
				FA123C2024435B61009B1C1E /* Info.plist */,
			);
			path = MapMyTripTests;
			sourceTree = "<group>";
		};
/* End PBXGroup section */

/* Begin PBXNativeTarget section */
		FA123C0324435B5E009B1C1E /* MapMyTrip */ = {
			isa = PBXNativeTarget;
			buildConfigurationList = FA123C2324435B61009B1C1E /* Build configuration list for PBXNativeTarget "MapMyTrip" */;
			buildPhases = (
				FA123C0024435B5E009B1C1E /* Sources */,
				FA123C0124435B5E009B1C1E /* Frameworks */,
				FA123C0224435B5E009B1C1E /* Resources */,
			);
			buildRules = (
			);
			dependencies = (
			);
			name = MapMyTrip;
			productName = MapMyTrip;
			productReference = FA123C0424435B5E009B1C1E /* MapMyTrip.app */;
			productType = "com.apple.product-type.application";
		};
		FA123C1924435B61009B1C1E /* MapMyTripTests */ = {
			isa = PBXNativeTarget;
			buildConfigurationList = FA123C2624435B61009B1C1E /* Build configuration list for PBXNativeTarget "MapMyTripTests" */;
			buildPhases = (
				FA123C1624435B61009B1C1E /* Sources */,
				FA123C1724435B61009B1C1E /* Frameworks */,
				FA123C1824435B61009B1C1E /* Resources */,
			);
			buildRules = (
			);
			dependencies = (
				FA123C1C24435B61009B1C1E /* PBXTargetDependency */,
			);
			name = MapMyTripTests;
			productName = MapMyTripTests;
			productReference = FA123C1A24435B61009B1C1E /* MapMyTripTests.xctest */;
			productType = "com.apple.product-type.bundle.unit-test";
		};
/* End PBXNativeTarget section */

/* Begin PBXProject section */
		FA123BFC24435B5E009B1C1E /* Project object */ = {
			isa = PBXProject;
			attributes = {
				LastSwiftUpdateCheck = 1140;
				LastUpgradeCheck = 1140;
				ORGANIZATIONNAME = "Alex Sykes";
				TargetAttributes = {
					FA123C0324435B5E009B1C1E = {
						CreatedOnToolsVersion = 11.4;
					};
					FA123C1924435B61009B1C1E = {
						CreatedOnToolsVersion = 11.4;
						TestTargetID = FA123C0324435B5E009B1C1E;
					};
				};
			};
			buildConfigurationList = FA123BFF24435B5E009B1C1E /* Build configuration list for PBXProject "MapMyTrip" */;
			compatibilityVersion = "Xcode 9.3";
			developmentRegion = en;
			hasScannedForEncodings = 0;
			knownRegions = (
				en,
				Base,
			);
			mainGroup = FA123BFB24435B5E009B1C1E;
			productRefGroup = FA123C0524435B5E009B1C1E /* Products */;
			projectDirPath = "";
			projectRoot = "";
			targets = (
				FA123C0324435B5E009B1C1E /* MapMyTrip */,
				FA123C1924435B61009B1C1E /* MapMyTripTests */,
			);
		};
/* End PBXProject section */

/* Begin PBXResourcesBuildPhase section */
		FA123C0224435B5E009B1C1E /* Resources */ = {
			isa = PBXResourcesBuildPhase;
			buildActionMask = 2147483647;
			files = (
				FA123C1424435B61009B1C1E /* LaunchScreen.storyboard in Resources */,
				FA123C1124435B61009B1C1E /* Assets.xcassets in Resources */,
				FA123C0F24435B5E009B1C1E /* Main.storyboard in Resources */,
			);
			runOnlyForDeploymentPostprocessing = 0;
		};
		FA123C1824435B61009B1C1E /* Resources */ = {
			isa = PBXResourcesBuildPhase;
			buildActionMask = 2147483647;
			files = (
			);
			runOnlyForDeploymentPostprocessing = 0;
		};
/* End PBXResourcesBuildPhase section */

/* Begin PBXSourcesBuildPhase section */
		FA123C0024435B5E009B1C1E /* Sources */ = {
			isa = PBXSourcesBuildPhase;
			buildActionMask = 2147483647;
			files = (
				FA123C0C24435B5E009B1C1E /* ViewController.swift in Sources */,
				FA7A1D64244622B200D23D92 /* MapMyTrip.xcdatamodeld in Sources */,
				FAFD9BDA2448AB7F004FE81A /* TrackDetailViewController.swift in Sources */,
				FAB4B03D2444B1C300E34F52 /* TracksTableViewController.swift in Sources */,
				FA123C0824435B5E009B1C1E /* AppDelegate.swift in Sources */,
				FA123C0A24435B5E009B1C1E /* SceneDelegate.swift in Sources */,
				FAB4B03B2444B14200E34F52 /* SettingsViewController.swift in Sources */,
				FAB4B03924449BD900E34F52 /* Track.swift in Sources */,
				FAB4B03F2444C33600E34F52 /* TracksTableViewCell.swift in Sources */,
			);
			runOnlyForDeploymentPostprocessing = 0;
		};
		FA123C1624435B61009B1C1E /* Sources */ = {
			isa = PBXSourcesBuildPhase;
			buildActionMask = 2147483647;
			files = (
				FA123C1F24435B61009B1C1E /* MapMyTripTests.swift in Sources */,
			);
			runOnlyForDeploymentPostprocessing = 0;
		};
/* End PBXSourcesBuildPhase section */

/* Begin PBXTargetDependency section */
		FA123C1C24435B61009B1C1E /* PBXTargetDependency */ = {
			isa = PBXTargetDependency;
			target = FA123C0324435B5E009B1C1E /* MapMyTrip */;
			targetProxy = FA123C1B24435B61009B1C1E /* PBXContainerItemProxy */;
		};
/* End PBXTargetDependency section */

/* Begin PBXVariantGroup section */
		FA123C0D24435B5E009B1C1E /* Main.storyboard */ = {
			isa = PBXVariantGroup;
			children = (
				FA123C0E24435B5E009B1C1E /* Base */,
			);
			name = Main.storyboard;
			sourceTree = "<group>";
		};
		FA123C1224435B61009B1C1E /* LaunchScreen.storyboard */ = {
			isa = PBXVariantGroup;
			children = (
				FA123C1324435B61009B1C1E /* Base */,
			);
			name = LaunchScreen.storyboard;
			sourceTree = "<group>";
		};
/* End PBXVariantGroup section */

/* Begin XCBuildConfiguration section */
		FA123C2124435B61009B1C1E /* Debug */ = {
			isa = XCBuildConfiguration;
			buildSettings = {
				ALWAYS_SEARCH_USER_PATHS = NO;
				CLANG_ANALYZER_NONNULL = YES;
				CLANG_ANALYZER_NUMBER_OBJECT_CONVERSION = YES_AGGRESSIVE;
				CLANG_CXX_LANGUAGE_STANDARD = "gnu++14";
				CLANG_CXX_LIBRARY = "libc++";
				CLANG_ENABLE_MODULES = YES;
				CLANG_ENABLE_OBJC_ARC = YES;
				CLANG_ENABLE_OBJC_WEAK = YES;
				CLANG_WARN_BLOCK_CAPTURE_AUTORELEASING = YES;
				CLANG_WARN_BOOL_CONVERSION = YES;
				CLANG_WARN_COMMA = YES;
				CLANG_WARN_CONSTANT_CONVERSION = YES;
				CLANG_WARN_DEPRECATED_OBJC_IMPLEMENTATIONS = YES;
				CLANG_WARN_DIRECT_OBJC_ISA_USAGE = YES_ERROR;
				CLANG_WARN_DOCUMENTATION_COMMENTS = YES;
				CLANG_WARN_EMPTY_BODY = YES;
				CLANG_WARN_ENUM_CONVERSION = YES;
				CLANG_WARN_INFINITE_RECURSION = YES;
				CLANG_WARN_INT_CONVERSION = YES;
				CLANG_WARN_NON_LITERAL_NULL_CONVERSION = YES;
				CLANG_WARN_OBJC_IMPLICIT_RETAIN_SELF = YES;
				CLANG_WARN_OBJC_LITERAL_CONVERSION = YES;
				CLANG_WARN_OBJC_ROOT_CLASS = YES_ERROR;
				CLANG_WARN_RANGE_LOOP_ANALYSIS = YES;
				CLANG_WARN_STRICT_PROTOTYPES = YES;
				CLANG_WARN_SUSPICIOUS_MOVE = YES;
				CLANG_WARN_UNGUARDED_AVAILABILITY = YES_AGGRESSIVE;
				CLANG_WARN_UNREACHABLE_CODE = YES;
				CLANG_WARN__DUPLICATE_METHOD_MATCH = YES;
				COPY_PHASE_STRIP = NO;
				DEBUG_INFORMATION_FORMAT = dwarf;
				ENABLE_STRICT_OBJC_MSGSEND = YES;
				ENABLE_TESTABILITY = YES;
				GCC_C_LANGUAGE_STANDARD = gnu11;
				GCC_DYNAMIC_NO_PIC = NO;
				GCC_NO_COMMON_BLOCKS = YES;
				GCC_OPTIMIZATION_LEVEL = 0;
				GCC_PREPROCESSOR_DEFINITIONS = (
					"DEBUG=1",
					"$(inherited)",
				);
				GCC_WARN_64_TO_32_BIT_CONVERSION = YES;
				GCC_WARN_ABOUT_RETURN_TYPE = YES_ERROR;
				GCC_WARN_UNDECLARED_SELECTOR = YES;
				GCC_WARN_UNINITIALIZED_AUTOS = YES_AGGRESSIVE;
				GCC_WARN_UNUSED_FUNCTION = YES;
				GCC_WARN_UNUSED_VARIABLE = YES;
				IPHONEOS_DEPLOYMENT_TARGET = 13.4;
				MTL_ENABLE_DEBUG_INFO = INCLUDE_SOURCE;
				MTL_FAST_MATH = YES;
				ONLY_ACTIVE_ARCH = YES;
				SDKROOT = iphoneos;
				SWIFT_ACTIVE_COMPILATION_CONDITIONS = DEBUG;
				SWIFT_OPTIMIZATION_LEVEL = "-Onone";
			};
			name = Debug;
		};
		FA123C2224435B61009B1C1E /* Release */ = {
			isa = XCBuildConfiguration;
			buildSettings = {
				ALWAYS_SEARCH_USER_PATHS = NO;
				CLANG_ANALYZER_NONNULL = YES;
				CLANG_ANALYZER_NUMBER_OBJECT_CONVERSION = YES_AGGRESSIVE;
				CLANG_CXX_LANGUAGE_STANDARD = "gnu++14";
				CLANG_CXX_LIBRARY = "libc++";
				CLANG_ENABLE_MODULES = YES;
				CLANG_ENABLE_OBJC_ARC = YES;
				CLANG_ENABLE_OBJC_WEAK = YES;
				CLANG_WARN_BLOCK_CAPTURE_AUTORELEASING = YES;
				CLANG_WARN_BOOL_CONVERSION = YES;
				CLANG_WARN_COMMA = YES;
				CLANG_WARN_CONSTANT_CONVERSION = YES;
				CLANG_WARN_DEPRECATED_OBJC_IMPLEMENTATIONS = YES;
				CLANG_WARN_DIRECT_OBJC_ISA_USAGE = YES_ERROR;
				CLANG_WARN_DOCUMENTATION_COMMENTS = YES;
				CLANG_WARN_EMPTY_BODY = YES;
				CLANG_WARN_ENUM_CONVERSION = YES;
				CLANG_WARN_INFINITE_RECURSION = YES;
				CLANG_WARN_INT_CONVERSION = YES;
				CLANG_WARN_NON_LITERAL_NULL_CONVERSION = YES;
				CLANG_WARN_OBJC_IMPLICIT_RETAIN_SELF = YES;
				CLANG_WARN_OBJC_LITERAL_CONVERSION = YES;
				CLANG_WARN_OBJC_ROOT_CLASS = YES_ERROR;
				CLANG_WARN_RANGE_LOOP_ANALYSIS = YES;
				CLANG_WARN_STRICT_PROTOTYPES = YES;
				CLANG_WARN_SUSPICIOUS_MOVE = YES;
				CLANG_WARN_UNGUARDED_AVAILABILITY = YES_AGGRESSIVE;
				CLANG_WARN_UNREACHABLE_CODE = YES;
				CLANG_WARN__DUPLICATE_METHOD_MATCH = YES;
				COPY_PHASE_STRIP = NO;
				DEBUG_INFORMATION_FORMAT = "dwarf-with-dsym";
				ENABLE_NS_ASSERTIONS = NO;
				ENABLE_STRICT_OBJC_MSGSEND = YES;
				GCC_C_LANGUAGE_STANDARD = gnu11;
				GCC_NO_COMMON_BLOCKS = YES;
				GCC_WARN_64_TO_32_BIT_CONVERSION = YES;
				GCC_WARN_ABOUT_RETURN_TYPE = YES_ERROR;
				GCC_WARN_UNDECLARED_SELECTOR = YES;
				GCC_WARN_UNINITIALIZED_AUTOS = YES_AGGRESSIVE;
				GCC_WARN_UNUSED_FUNCTION = YES;
				GCC_WARN_UNUSED_VARIABLE = YES;
				IPHONEOS_DEPLOYMENT_TARGET = 13.4;
				MTL_ENABLE_DEBUG_INFO = NO;
				MTL_FAST_MATH = YES;
				SDKROOT = iphoneos;
				SWIFT_COMPILATION_MODE = wholemodule;
				SWIFT_OPTIMIZATION_LEVEL = "-O";
				VALIDATE_PRODUCT = YES;
			};
			name = Release;
		};
		FA123C2424435B61009B1C1E /* Debug */ = {
			isa = XCBuildConfiguration;
			buildSettings = {
				ASSETCATALOG_COMPILER_APPICON_NAME = AppIcon;
				CODE_SIGN_STYLE = Automatic;
				DEVELOPMENT_TEAM = 88UXW8RGH2;
				INFOPLIST_FILE = MapMyTrip/Info.plist;
				LD_RUNPATH_SEARCH_PATHS = (
					"$(inherited)",
					"@executable_path/Frameworks",
				);
				PRODUCT_BUNDLE_IDENTIFIER = com.alexsykes.MapMyTrip;
				PRODUCT_NAME = "$(TARGET_NAME)";
				SWIFT_VERSION = 5.0;
				TARGETED_DEVICE_FAMILY = "1,2";
			};
			name = Debug;
		};
		FA123C2524435B61009B1C1E /* Release */ = {
			isa = XCBuildConfiguration;
			buildSettings = {
				ASSETCATALOG_COMPILER_APPICON_NAME = AppIcon;
				CODE_SIGN_STYLE = Automatic;
				DEVELOPMENT_TEAM = 88UXW8RGH2;
				INFOPLIST_FILE = MapMyTrip/Info.plist;
				LD_RUNPATH_SEARCH_PATHS = (
					"$(inherited)",
					"@executable_path/Frameworks",
				);
				PRODUCT_BUNDLE_IDENTIFIER = com.alexsykes.MapMyTrip;
				PRODUCT_NAME = "$(TARGET_NAME)";
				SWIFT_VERSION = 5.0;
				TARGETED_DEVICE_FAMILY = "1,2";
			};
			name = Release;
		};
		FA123C2724435B61009B1C1E /* Debug */ = {
			isa = XCBuildConfiguration;
			buildSettings = {
				ALWAYS_EMBED_SWIFT_STANDARD_LIBRARIES = YES;
				BUNDLE_LOADER = "$(TEST_HOST)";
				CODE_SIGN_STYLE = Automatic;
				DEVELOPMENT_TEAM = 88UXW8RGH2;
				INFOPLIST_FILE = MapMyTripTests/Info.plist;
				IPHONEOS_DEPLOYMENT_TARGET = 13.4;
				LD_RUNPATH_SEARCH_PATHS = (
					"$(inherited)",
					"@executable_path/Frameworks",
					"@loader_path/Frameworks",
				);
				PRODUCT_BUNDLE_IDENTIFIER = com.alexsykes.MapMyTripTests;
				PRODUCT_NAME = "$(TARGET_NAME)";
				SWIFT_VERSION = 5.0;
				TARGETED_DEVICE_FAMILY = "1,2";
				TEST_HOST = "$(BUILT_PRODUCTS_DIR)/MapMyTrip.app/MapMyTrip";
			};
			name = Debug;
		};
		FA123C2824435B61009B1C1E /* Release */ = {
			isa = XCBuildConfiguration;
			buildSettings = {
				ALWAYS_EMBED_SWIFT_STANDARD_LIBRARIES = YES;
				BUNDLE_LOADER = "$(TEST_HOST)";
				CODE_SIGN_STYLE = Automatic;
				DEVELOPMENT_TEAM = 88UXW8RGH2;
				INFOPLIST_FILE = MapMyTripTests/Info.plist;
				IPHONEOS_DEPLOYMENT_TARGET = 13.4;
				LD_RUNPATH_SEARCH_PATHS = (
					"$(inherited)",
					"@executable_path/Frameworks",
					"@loader_path/Frameworks",
				);
				PRODUCT_BUNDLE_IDENTIFIER = com.alexsykes.MapMyTripTests;
				PRODUCT_NAME = "$(TARGET_NAME)";
				SWIFT_VERSION = 5.0;
				TARGETED_DEVICE_FAMILY = "1,2";
				TEST_HOST = "$(BUILT_PRODUCTS_DIR)/MapMyTrip.app/MapMyTrip";
			};
			name = Release;
		};
/* End XCBuildConfiguration section */

/* Begin XCConfigurationList section */
		FA123BFF24435B5E009B1C1E /* Build configuration list for PBXProject "MapMyTrip" */ = {
			isa = XCConfigurationList;
			buildConfigurations = (
				FA123C2124435B61009B1C1E /* Debug */,
				FA123C2224435B61009B1C1E /* Release */,
			);
			defaultConfigurationIsVisible = 0;
			defaultConfigurationName = Release;
		};
		FA123C2324435B61009B1C1E /* Build configuration list for PBXNativeTarget "MapMyTrip" */ = {
			isa = XCConfigurationList;
			buildConfigurations = (
				FA123C2424435B61009B1C1E /* Debug */,
				FA123C2524435B61009B1C1E /* Release */,
			);
			defaultConfigurationIsVisible = 0;
			defaultConfigurationName = Release;
		};
		FA123C2624435B61009B1C1E /* Build configuration list for PBXNativeTarget "MapMyTripTests" */ = {
			isa = XCConfigurationList;
			buildConfigurations = (
				FA123C2724435B61009B1C1E /* Debug */,
				FA123C2824435B61009B1C1E /* Release */,
			);
			defaultConfigurationIsVisible = 0;
			defaultConfigurationName = Release;
		};
/* End XCConfigurationList section */

/* Begin XCVersionGroup section */
		FA7A1D62244622B200D23D92 /* MapMyTrip.xcdatamodeld */ = {
			isa = XCVersionGroup;
			children = (
				FA7A1D63244622B200D23D92 /* MapMyTrip.xcdatamodel */,
			);
			currentVersion = FA7A1D63244622B200D23D92 /* MapMyTrip.xcdatamodel */;
			path = MapMyTrip.xcdatamodeld;
			sourceTree = "<group>";
			versionGroupType = wrapper.xcdatamodel;
		};
/* End XCVersionGroup section */
	};
	rootObject = FA123BFC24435B5E009B1C1E /* Project object */;
}
